
Microsoft Visual Studio Solution File, Format Version 12.00
# Visual Studio Version 16
VisualStudioVersion = 16.0.32126.315
MinimumVisualStudioVersion = 10.0.40219.1
Project("{FAE04EC0-301F-11D3-BF4B-00C04F79EFBC}") = "HW_2_Task_4", "HW_2_Task_4\HW_2_Task_4.csproj", "{7AA561FA-823B-45C2-9736-DFF46366EFFA}"
EndProject
Global
	GlobalSection(SolutionConfigurationPlatforms) = preSolution
		Debug|Any CPU = Debug|Any CPU
		Release|Any CPU = Release|Any CPU
	EndGlobalSection
	GlobalSection(ProjectConfigurationPlatforms) = postSolution
		{7AA561FA-823B-45C2-9736-DFF46366EFFA}.Debug|Any CPU.ActiveCfg = Debug|Any CPU
		{7AA561FA-823B-45C2-9736-DFF46366EFFA}.Debug|Any CPU.Build.0 = Debug|Any CPU
		{7AA561FA-823B-45C2-9736-DFF46366EFFA}.Release|Any CPU.ActiveCfg = Release|Any CPU
		{7AA561FA-823B-45C2-9736-DFF46366EFFA}.Release|Any CPU.Build.0 = Release|Any CPU
	EndGlobalSection
	GlobalSection(SolutionProperties) = preSolution
		HideSolutionNode = FALSE
	EndGlobalSection
	GlobalSection(ExtensibilityGlobals) = postSolution
		SolutionGuid = {14729B71-3665-4BB5-8139-4ED0574FE917}
	EndGlobalSection
EndGlobal
