
Microsoft Visual Studio Solution File, Format Version 12.00
# Visual Studio Version 16
VisualStudioVersion = 16.0.32126.315
MinimumVisualStudioVersion = 10.0.40219.1
Project("{FAE04EC0-301F-11D3-BF4B-00C04F79EFBC}") = "HW_2_Task_2", "HW_2_Task_2\HW_2_Task_2.csproj", "{89DCA126-B36A-4C53-BF6A-760A607326AF}"
EndProject
Global
	GlobalSection(SolutionConfigurationPlatforms) = preSolution
		Debug|Any CPU = Debug|Any CPU
		Release|Any CPU = Release|Any CPU
	EndGlobalSection
	GlobalSection(ProjectConfigurationPlatforms) = postSolution
		{89DCA126-B36A-4C53-BF6A-760A607326AF}.Debug|Any CPU.ActiveCfg = Debug|Any CPU
		{89DCA126-B36A-4C53-BF6A-760A607326AF}.Debug|Any CPU.Build.0 = Debug|Any CPU
		{89DCA126-B36A-4C53-BF6A-760A607326AF}.Release|Any CPU.ActiveCfg = Release|Any CPU
		{89DCA126-B36A-4C53-BF6A-760A607326AF}.Release|Any CPU.Build.0 = Release|Any CPU
	EndGlobalSection
	GlobalSection(SolutionProperties) = preSolution
		HideSolutionNode = FALSE
	EndGlobalSection
	GlobalSection(ExtensibilityGlobals) = postSolution
		SolutionGuid = {A46DD69B-D1FD-4E91-B9DF-24B36B6250BF}
	EndGlobalSection
EndGlobal
