
Microsoft Visual Studio Solution File, Format Version 12.00
# Visual Studio Version 16
VisualStudioVersion = 16.0.32126.315
MinimumVisualStudioVersion = 10.0.40219.1
Project("{FAE04EC0-301F-11D3-BF4B-00C04F79EFBC}") = "HW_2_Task_7", "HW_2_Task_7\HW_2_Task_7.csproj", "{46E39D5A-5C81-460E-979A-DF193657D045}"
EndProject
Global
	GlobalSection(SolutionConfigurationPlatforms) = preSolution
		Debug|Any CPU = Debug|Any CPU
		Release|Any CPU = Release|Any CPU
	EndGlobalSection
	GlobalSection(ProjectConfigurationPlatforms) = postSolution
		{46E39D5A-5C81-460E-979A-DF193657D045}.Debug|Any CPU.ActiveCfg = Debug|Any CPU
		{46E39D5A-5C81-460E-979A-DF193657D045}.Debug|Any CPU.Build.0 = Debug|Any CPU
		{46E39D5A-5C81-460E-979A-DF193657D045}.Release|Any CPU.ActiveCfg = Release|Any CPU
		{46E39D5A-5C81-460E-979A-DF193657D045}.Release|Any CPU.Build.0 = Release|Any CPU
	EndGlobalSection
	GlobalSection(SolutionProperties) = preSolution
		HideSolutionNode = FALSE
	EndGlobalSection
	GlobalSection(ExtensibilityGlobals) = postSolution
		SolutionGuid = {43139A1B-1C96-4AC3-A153-0C52B48CE35F}
	EndGlobalSection
EndGlobal
